
Microsoft Visual Studio Solution File, Format Version 12.00
# Visual Studio 2013
VisualStudioVersion = 12.0.21005.1
MinimumVisualStudioVersion = 10.0.40219.1
Project("{8BC9CEB8-8B4A-11D0-8D11-00A0C91BC942}") = "结构体年龄比较", "结构体年龄比较\结构体年龄比较.vcxproj", "{14741F77-3893-42EC-9647-C0575624BC39}"
EndProject
Global
	GlobalSection(SolutionConfigurationPlatforms) = preSolution
		Debug|Win32 = Debug|Win32
		Release|Win32 = Release|Win32
	EndGlobalSection
	GlobalSection(ProjectConfigurationPlatforms) = postSolution
		{14741F77-3893-42EC-9647-C0575624BC39}.Debug|Win32.ActiveCfg = Debug|Win32
		{14741F77-3893-42EC-9647-C0575624BC39}.Debug|Win32.Build.0 = Debug|Win32
		{14741F77-3893-42EC-9647-C0575624BC39}.Release|Win32.ActiveCfg = Release|Win32
		{14741F77-3893-42EC-9647-C0575624BC39}.Release|Win32.Build.0 = Release|Win32
	EndGlobalSection
	GlobalSection(SolutionProperties) = preSolution
		HideSolutionNode = FALSE
	EndGlobalSection
EndGlobal
